{
  "name": "frioexpert-project",
  "lockfileVersion": 3,
  "requires": true,
  "packages": {
    "": {
      "name": "frioexpert-project",
      "dependencies": {
        "@tabler/icons-react": "^3.45.0",
        "react": "^19.2.8",
        "react-dom": "^19.2.8"
      }
    },
    "node_modules/@tabler/icons": {
      "version": "3.45.0",
      "resolved": "https://registry.npmjs.org/@tabler/icons/-/icons-3.45.0.tgz",
      "integrity": "sha512-jiATwV8+zGYLTZ7gMLGivCic+KtsMZXcDmufIG8umlLxoHhI6902hGYIEt0Oa9Y9SXblNzUlrisHm5jOFMxOQA==",
      "license": "MIT",
      "funding": {
        "type": "github",
        "url": "https://github.com/sponsors/codecalm"
      }
    },
    "node_modules/@tabler/icons-react": {
      "version": "3.45.0",
      "resolved": "https://registry.npmjs.org/@tabler/icons-react/-/icons-react-3.45.0.tgz",
      "integrity": "sha512-t/AuKs7ALMDDTY+B9IvfZnlO0mbLlP/lJxP/HnGC49QkM8mCsTN38kYyxjXxgrb1+TeK53ioVBJqIV7n/eysXQ==",
      "license": "MIT",
      "dependencies": {
        "@tabler/icons": "3.45.0"
      },
      "funding": {
        "type": "github",
        "url": "https://github.com/sponsors/codecalm"
      },
      "peerDependencies": {
        "react": ">= 16"
      }
    },
    "node_modules/react": {
      "version": "19.2.8",
      "resolved": "https://registry.npmjs.org/react/-/react-19.2.8.tgz",
      "integrity": "sha512-PWaYA1L/q9u2u7xYQi+Y3L3Yfnie7XyLeaJICV1MGD6LprsBxcAqGjYyr0eY3p+QdsA+x/Irkt4Qif8D63+Sbw==",
      "license": "MIT",
      "engines": {
        "node": ">=0.10.0"
      }
    },
    "node_modules/react-dom": {
      "version": "19.2.8",
      "resolved": "https://registry.npmjs.org/react-dom/-/react-dom-19.2.8.tgz",
      "integrity": "sha512-rVprimfGBG3DR+Tq0IQG2DT5PxKth1WIGDmj5yPmlzr4YBe7uyE+Du4oVqTDXZSHGGGXRtTJEGSSePyQCMBglQ==",
      "license": "MIT",
      "dependencies": {
        "scheduler": "^0.27.0"
      },
      "peerDependencies": {
        "react": "^19.2.8"
      }
    },
    "node_modules/scheduler": {
      "version": "0.27.0",
      "resolved": "https://registry.npmjs.org/scheduler/-/scheduler-0.27.0.tgz",
      "integrity": "sha512-eNv+WrVbKu1f3vbYJT/xtiF5syA5HPIMtf9IgY/nKg0sWqzAUEvqY/xm7OcZc/qafLx/iO9FgOmeSAp4v5ti/Q==",
      "license": "MIT"
    }
  }
}
